{
    "_meta": {
        "hash": {
            "sha256": "f5bdc2ad2a4bd003dadb17fb849b8b30f1db5683d9e05691be51ad33c504b1d0"
        },
        "pipfile-spec": 6,
        "requires": {
            "python_version": "3.7"
        },
        "sources": [
            {
                "name": "pypi",
                "url": "https://pypi.org/simple",
                "verify_ssl": true
            }
        ]
    },
    "default": {
        "click": {
            "hashes": [
                "sha256:2335065e6395b9e67ca716de5f7526736bfa6ceead690adf616d925bdc622b13",
                "sha256:5b94b49521f6456670fdb30cd82a4eca9412788a93fa6dd6df72c94d5a8ff2d7"
            ],
            "version": "==7.0"
        },
        "dnspython": {
            "hashes": [
                "sha256:36c5e8e38d4369a08b6780b7f27d790a292b2b08eea01607865bf0936c558e01",
                "sha256:f69c21288a962f4da86e56c4905b49d11aba7938d3d740e80d9e366ee4f1632d"
            ],
            "version": "==1.16.0"
        },
        "email-validator": {
            "hashes": [
                "sha256:e3e6ede1765d7c1e580d2050d834b2689361f7da2d50ce74df6a5968fca7cb13"
            ],
            "index": "pypi",
            "version": "==1.0.5"
        },
        "environs": {
            "hashes": [
                "sha256:59bea3c982fbcc9d0755d160f67e725b70227ecbc14f7507ac81f484c6fd8334",
                "sha256:e0a6c53b05effbb7521374e564eb751ba2311bd36dcde2c7d914246175b8e02d"
            ],
            "index": "pypi",
            "version": "==6.0.0"
        },
        "fastapi": {
            "hashes": [
                "sha256:38356cf424392142a561f32ab49113dec6e2ab7318862ae14d5e1d7ede16d14f",
                "sha256:48cb522c1c993e238bfe272fbb18049cbd4bf5b9d6c0d4a4fa113cc790e8196c"
            ],
            "index": "pypi",
            "version": "==0.42.0"
        },
        "gunicorn": {
            "hashes": [
                "sha256:aa8e0b40b4157b36a5df5e599f45c9c76d6af43845ba3b3b0efe2c70473c2471",
                "sha256:fa2662097c66f920f53f70621c6c58ca4a3c4d3434205e608e121b5b3b71f4f3"
            ],
            "index": "pypi",
            "version": "==19.9.0"
        },
        "h11": {
            "hashes": [
                "sha256:acca6a44cb52a32ab442b1779adf0875c443c689e9e028f8d831a3769f9c5208",
                "sha256:f2b1ca39bfed357d1f19ac732913d5f9faa54a5062eca7d2ec3a916cfb7ae4c7"
            ],
            "version": "==0.8.1"
        },
        "httptools": {
            "hashes": [
                "sha256:e00cbd7ba01ff748e494248183abc6e153f49181169d8a3d41bb49132ca01dfc"
            ],
            "markers": "sys_platform != 'win32' and sys_platform != 'cygwin' and platform_python_implementation != 'pypy'",
            "version": "==0.0.13"
        },
        "idna": {
            "hashes": [
                "sha256:c357b3f628cf53ae2c4c05627ecc484553142ca23264e593d327bcde5e9c3407",
                "sha256:ea8b7f6188e6fa117537c3df7da9fc686d485087abf6ac197f9c46432f7e4a3c"
            ],
            "version": "==2.8"
        },
        "marshmallow": {
            "hashes": [
                "sha256:077b4612f5d3b9333b736fdc6b963d2b46d409070f44ff3e6c4109645c673e83",
                "sha256:9a2f3e8ea5f530a9664e882d7d04b58650f46190178b2264c72b7d20399d28f0"
            ],
            "version": "==3.2.1"
        },
        "peewee": {
            "hashes": [
                "sha256:f3f5c80c51b632d031f60454accadd84f166453a471bff63093ca674973f2a4e"
            ],
            "index": "pypi",
            "version": "==3.11.2"
        },
        "pydantic": {
            "hashes": [
                "sha256:18598557f0d9ab46173045910ed50458c4fb4d16153c23346b504d7a5b679f77",
                "sha256:6a9335c968e13295430a208487e74d69fef40168b72dea8d975765d14e2da660",
                "sha256:6f5eb88fe4c21380aa064b7d249763fc6306f0b001d7e7d52d80866d1afc9ed3",
                "sha256:bc6c6a78647d7a65a493e1107572d993f26a652c49183201e3c7d23924bf7311",
                "sha256:e1a63b4e6bf8820833cb6fa239ffbe8eec57ccdd7d66359eff20e68a83c1deeb",
                "sha256:ede2d65ae33788d4e26e12b330b4a32c53cb14131c65bca3a59f037c73f6ee7a"
            ],
            "version": "==0.32.2"
        },
        "pygments": {
            "hashes": [
                "sha256:71e430bc85c88a430f000ac1d9b331d2407f681d6f6aec95e8bcfbc3df5b0127",
                "sha256:881c4c157e45f30af185c1ffe8d549d48ac9127433f2c380c24b84572ad66297"
            ],
            "index": "pypi",
            "version": "==2.4.2"
        },
        "python-dotenv": {
            "hashes": [
                "sha256:debd928b49dbc2bf68040566f55cdb3252458036464806f4094487244e2a4093",
                "sha256:f157d71d5fec9d4bd5f51c82746b6344dffa680ee85217c123f4a0c8117c4544"
            ],
            "version": "==0.10.3"
        },
        "starlette": {
            "hashes": [
                "sha256:c2ac9a42e0e0328ad20fe444115ac5e3760c1ee2ac1ff8cdb5ec915c4a453411"
            ],
            "version": "==0.12.9"
        },
        "uvicorn": {
            "hashes": [
                "sha256:33c7cfcf71450d2170c9a4c4c7559767329040a36b159e3889554132e4b89457"
            ],
            "index": "pypi",
            "version": "==0.9.1"
        },
        "uvloop": {
            "hashes": [
                "sha256:0deb6c97c5807c792dd9024bab90e6ca49e981862103cb2ea37b430c1ca0a267",
                "sha256:155b34d513655e753d07f499a7e811970e2d397f240dfcbec0b32a9587159c99",
                "sha256:1df3ddfa280206e9999ae1c777a20836eb895bcec6dc9fae2cbb6eecfafb099e",
                "sha256:5b19361c8767e1dc61f6367f948d4f3dc5504b9f2eba488641b3d26ec14498ba",
                "sha256:942cd07035510b149d6160796f4e972137130ae953871b6a98c2cf5d5ab68c2e",
                "sha256:c63b6c0bf33144c604dd72f7eecf2d3a3ac7405c503c67bd98128cf306efe18a",
                "sha256:e698a20a3b4ccb380d207f9d491d4085d7c38d364f6a0bae98684a1612a9607a"
            ],
            "markers": "sys_platform != 'win32' and sys_platform != 'cygwin' and platform_python_implementation != 'pypy'",
            "version": "==0.13.0"
        },
        "websockets": {
            "hashes": [
                "sha256:049e694abe33f8a1d99969fee7bfc0ae6761f7fd5f297c58ea933b27dd6805f2",
                "sha256:73ce69217e4655783ec72ce11c151053fcbd5b837cc39de7999e19605182e28a",
                "sha256:83e63aa73331b9ca21af61df8f115fb5fbcba3f281bee650a4ad16a40cd1ef15",
                "sha256:882a7266fa867a2ebb2c0baaa0f9159cabf131cf18c1b4270d79ad42f9208dc5",
                "sha256:8c77f7d182a6ea2a9d09c2612059f3ad859a90243e899617137ee3f6b7f2b584",
                "sha256:8d7a20a2f97f1e98c765651d9fb9437201a9ccc2c70e94b0270f1c5ef29667a3",
                "sha256:a7affaeffbc5d55681934c16bb6b8fc82bb75b175e7fd4dcca798c938bde8dda",
                "sha256:c82e286555f839846ef4f0fdd6910769a577952e1e26aa8ee7a6f45f040e3c2b",
                "sha256:e906128532a14b9d264a43eb48f9b3080d53a9bda819ab45bf56b8039dc606ac",
                "sha256:e9102043a81cdc8b7c8032ff4bce39f6229e4ac39cb2010946c912eeb84e2cb6",
                "sha256:f5cb2683367e32da6a256b60929a3af9c29c212b5091cf5bace9358d03011bf5"
            ],
            "version": "==8.0.2"
        }
    },
    "develop": {}
}
